// !$*UTF8*$!
{
	archiveVersion = 1;
	classes = {
	};
	objectVersion = 55;
	objects = {

/* Begin PBXBuildFile section */
		7447B13129BE0822001C8F1B /* TeamInfoView.swift in Sources */ = {isa = PBXBuildFile; fileRef = 7447B13029BE0822001C8F1B /* TeamInfoView.swift */; };
		7447B13329BE2ED5001C8F1B /* TeamInfoVC.swift in Sources */ = {isa = PBXBuildFile; fileRef = 7447B13229BE2ED5001C8F1B /* TeamInfoVC.swift */; };
		74F500FC29853AEF00ADE2D6 /* AppDelegate.swift in Sources */ = {isa = PBXBuildFile; fileRef = 74F500FB29853AEF00ADE2D6 /* AppDelegate.swift */; };
		74F500FE29853AEF00ADE2D6 /* SceneDelegate.swift in Sources */ = {isa = PBXBuildFile; fileRef = 74F500FD29853AEF00ADE2D6 /* SceneDelegate.swift */; };
		74F5010329853AEF00ADE2D6 /* Main.storyboard in Resources */ = {isa = PBXBuildFile; fileRef = 74F5010129853AEF00ADE2D6 /* Main.storyboard */; };
		74F5010529853AF300ADE2D6 /* Assets.xcassets in Resources */ = {isa = PBXBuildFile; fileRef = 74F5010429853AF300ADE2D6 /* Assets.xcassets */; };
		74F5010829853AF300ADE2D6 /* LaunchScreen.storyboard in Resources */ = {isa = PBXBuildFile; fileRef = 74F5010629853AF300ADE2D6 /* LaunchScreen.storyboard */; };
		74F5011529853C5300ADE2D6 /* Alamofire in Frameworks */ = {isa = PBXBuildFile; productRef = 74F5011429853C5300ADE2D6 /* Alamofire */; };
		74F5011829853C6400ADE2D6 /* AlamofireImage in Frameworks */ = {isa = PBXBuildFile; productRef = 74F5011729853C6400ADE2D6 /* AlamofireImage */; };
		74F5011B29853C7600ADE2D6 /* SwiftyJSON in Frameworks */ = {isa = PBXBuildFile; productRef = 74F5011A29853C7600ADE2D6 /* SwiftyJSON */; };
		74F5011E29853DC700ADE2D6 /* ApiConst.swift in Sources */ = {isa = PBXBuildFile; fileRef = 74F5011D29853DC700ADE2D6 /* ApiConst.swift */; };
		74F5012029853F6500ADE2D6 /* NetworkService.swift in Sources */ = {isa = PBXBuildFile; fileRef = 74F5011F29853F6500ADE2D6 /* NetworkService.swift */; };
		74F50122298545B700ADE2D6 /* Models.swift in Sources */ = {isa = PBXBuildFile; fileRef = 74F50121298545B700ADE2D6 /* Models.swift */; };
		74F50124298550F100ADE2D6 /* TeamsTableViewController.swift in Sources */ = {isa = PBXBuildFile; fileRef = 74F50123298550F100ADE2D6 /* TeamsTableViewController.swift */; };
		74F501262985515700ADE2D6 /* URLRequest.swift in Sources */ = {isa = PBXBuildFile; fileRef = 74F501252985515700ADE2D6 /* URLRequest.swift */; };
/* End PBXBuildFile section */

/* Begin PBXFileReference section */
		7447B13029BE0822001C8F1B /* TeamInfoView.swift */ = {isa = PBXFileReference; lastKnownFileType = sourcecode.swift; path = TeamInfoView.swift; sourceTree = "<group>"; };
		7447B13229BE2ED5001C8F1B /* TeamInfoVC.swift */ = {isa = PBXFileReference; lastKnownFileType = sourcecode.swift; path = TeamInfoVC.swift; sourceTree = "<group>"; };
		74F500F829853AEF00ADE2D6 /* NHLScore.app */ = {isa = PBXFileReference; explicitFileType = wrapper.application; includeInIndex = 0; path = NHLScore.app; sourceTree = BUILT_PRODUCTS_DIR; };
		74F500FB29853AEF00ADE2D6 /* AppDelegate.swift */ = {isa = PBXFileReference; lastKnownFileType = sourcecode.swift; path = AppDelegate.swift; sourceTree = "<group>"; };
		74F500FD29853AEF00ADE2D6 /* SceneDelegate.swift */ = {isa = PBXFileReference; lastKnownFileType = sourcecode.swift; path = SceneDelegate.swift; sourceTree = "<group>"; };
		74F5010229853AEF00ADE2D6 /* Base */ = {isa = PBXFileReference; lastKnownFileType = file.storyboard; name = Base; path = Base.lproj/Main.storyboard; sourceTree = "<group>"; };
		74F5010429853AF300ADE2D6 /* Assets.xcassets */ = {isa = PBXFileReference; lastKnownFileType = folder.assetcatalog; path = Assets.xcassets; sourceTree = "<group>"; };
		74F5010729853AF300ADE2D6 /* Base */ = {isa = PBXFileReference; lastKnownFileType = file.storyboard; name = Base; path = Base.lproj/LaunchScreen.storyboard; sourceTree = "<group>"; };
		74F5010929853AF300ADE2D6 /* Info.plist */ = {isa = PBXFileReference; lastKnownFileType = text.plist.xml; path = Info.plist; sourceTree = "<group>"; };
		74F5011D29853DC700ADE2D6 /* ApiConst.swift */ = {isa = PBXFileReference; lastKnownFileType = sourcecode.swift; path = ApiConst.swift; sourceTree = "<group>"; };
		74F5011F29853F6500ADE2D6 /* NetworkService.swift */ = {isa = PBXFileReference; lastKnownFileType = sourcecode.swift; path = NetworkService.swift; sourceTree = "<group>"; };
		74F50121298545B700ADE2D6 /* Models.swift */ = {isa = PBXFileReference; lastKnownFileType = sourcecode.swift; path = Models.swift; sourceTree = "<group>"; };
		74F50123298550F100ADE2D6 /* TeamsTableViewController.swift */ = {isa = PBXFileReference; lastKnownFileType = sourcecode.swift; path = TeamsTableViewController.swift; sourceTree = "<group>"; };
		74F501252985515700ADE2D6 /* URLRequest.swift */ = {isa = PBXFileReference; lastKnownFileType = sourcecode.swift; path = URLRequest.swift; sourceTree = "<group>"; };
/* End PBXFileReference section */

/* Begin PBXFrameworksBuildPhase section */
		74F500F529853AEF00ADE2D6 /* Frameworks */ = {
			isa = PBXFrameworksBuildPhase;
			buildActionMask = 2147483647;
			files = (
				74F5011B29853C7600ADE2D6 /* SwiftyJSON in Frameworks */,
				74F5011529853C5300ADE2D6 /* Alamofire in Frameworks */,
				74F5011829853C6400ADE2D6 /* AlamofireImage in Frameworks */,
			);
			runOnlyForDeploymentPostprocessing = 0;
		};
/* End PBXFrameworksBuildPhase section */

/* Begin PBXGroup section */
		7447B12E29BE03FC001C8F1B /* Main */ = {
			isa = PBXGroup;
			children = (
				74F5011C29853DA500ADE2D6 /* Models */,
				74F5011029853B2000ADE2D6 /* Views */,
				74F5011129853B4800ADE2D6 /* Controllers */,
			);
			path = Main;
			sourceTree = "<group>";
		};
		7447B12F29BE07B3001C8F1B /* TeamInfoSwiftUI */ = {
			isa = PBXGroup;
			children = (
				7447B13029BE0822001C8F1B /* TeamInfoView.swift */,
			);
			path = TeamInfoSwiftUI;
			sourceTree = "<group>";
		};
		74F500EF29853AEE00ADE2D6 = {
			isa = PBXGroup;
			children = (
				74F500FA29853AEF00ADE2D6 /* NHLScore */,
				74F500F929853AEF00ADE2D6 /* Products */,
			);
			sourceTree = "<group>";
		};
		74F500F929853AEF00ADE2D6 /* Products */ = {
			isa = PBXGroup;
			children = (
				74F500F829853AEF00ADE2D6 /* NHLScore.app */,
			);
			name = Products;
			sourceTree = "<group>";
		};
		74F500FA29853AEF00ADE2D6 /* NHLScore */ = {
			isa = PBXGroup;
			children = (
				74F5011229853BFE00ADE2D6 /* Services */,
				7447B12E29BE03FC001C8F1B /* Main */,
				7447B12F29BE07B3001C8F1B /* TeamInfoSwiftUI */,
				74F5010929853AF300ADE2D6 /* Info.plist */,
				74F5010429853AF300ADE2D6 /* Assets.xcassets */,
				74F5010F29853AFF00ADE2D6 /* AppDelegates */,
			);
			path = NHLScore;
			sourceTree = "<group>";
		};
		74F5010F29853AFF00ADE2D6 /* AppDelegates */ = {
			isa = PBXGroup;
			children = (
				74F500FB29853AEF00ADE2D6 /* AppDelegate.swift */,
				74F500FD29853AEF00ADE2D6 /* SceneDelegate.swift */,
			);
			path = AppDelegates;
			sourceTree = "<group>";
		};
		74F5011029853B2000ADE2D6 /* Views */ = {
			isa = PBXGroup;
			children = (
				74F5010129853AEF00ADE2D6 /* Main.storyboard */,
				74F5010629853AF300ADE2D6 /* LaunchScreen.storyboard */,
			);
			path = Views;
			sourceTree = "<group>";
		};
		74F5011129853B4800ADE2D6 /* Controllers */ = {
			isa = PBXGroup;
			children = (
				74F50123298550F100ADE2D6 /* TeamsTableViewController.swift */,
				7447B13229BE2ED5001C8F1B /* TeamInfoVC.swift */,
			);
			path = Controllers;
			sourceTree = "<group>";
		};
		74F5011229853BFE00ADE2D6 /* Services */ = {
			isa = PBXGroup;
			children = (
				74F5011F29853F6500ADE2D6 /* NetworkService.swift */,
			);
			path = Services;
			sourceTree = "<group>";
		};
		74F5011C29853DA500ADE2D6 /* Models */ = {
			isa = PBXGroup;
			children = (
				74F5011D29853DC700ADE2D6 /* ApiConst.swift */,
				74F501252985515700ADE2D6 /* URLRequest.swift */,
				74F50121298545B700ADE2D6 /* Models.swift */,
			);
			path = Models;
			sourceTree = "<group>";
		};
/* End PBXGroup section */

/* Begin PBXNativeTarget section */
		74F500F729853AEF00ADE2D6 /* NHLScore */ = {
			isa = PBXNativeTarget;
			buildConfigurationList = 74F5010C29853AF300ADE2D6 /* Build configuration list for PBXNativeTarget "NHLScore" */;
			buildPhases = (
				74F500F429853AEF00ADE2D6 /* Sources */,
				74F500F529853AEF00ADE2D6 /* Frameworks */,
				74F500F629853AEF00ADE2D6 /* Resources */,
			);
			buildRules = (
			);
			dependencies = (
			);
			name = NHLScore;
			packageProductDependencies = (
				74F5011429853C5300ADE2D6 /* Alamofire */,
				74F5011729853C6400ADE2D6 /* AlamofireImage */,
				74F5011A29853C7600ADE2D6 /* SwiftyJSON */,
			);
			productName = NHLScore;
			productReference = 74F500F829853AEF00ADE2D6 /* NHLScore.app */;
			productType = "com.apple.product-type.application";
		};
/* End PBXNativeTarget section */

/* Begin PBXProject section */
		74F500F029853AEE00ADE2D6 /* Project object */ = {
			isa = PBXProject;
			attributes = {
				BuildIndependentTargetsInParallel = 1;
				LastSwiftUpdateCheck = 1320;
				LastUpgradeCheck = 1320;
				TargetAttributes = {
					74F500F729853AEF00ADE2D6 = {
						CreatedOnToolsVersion = 13.2.1;
					};
				};
			};
			buildConfigurationList = 74F500F329853AEE00ADE2D6 /* Build configuration list for PBXProject "NHLScore" */;
			compatibilityVersion = "Xcode 13.0";
			developmentRegion = en;
			hasScannedForEncodings = 0;
			knownRegions = (
				en,
				Base,
			);
			mainGroup = 74F500EF29853AEE00ADE2D6;
			packageReferences = (
				74F5011329853C5200ADE2D6 /* XCRemoteSwiftPackageReference "Alamofire" */,
				74F5011629853C6400ADE2D6 /* XCRemoteSwiftPackageReference "AlamofireImage" */,
				74F5011929853C7600ADE2D6 /* XCRemoteSwiftPackageReference "SwiftyJSON" */,
			);
			productRefGroup = 74F500F929853AEF00ADE2D6 /* Products */;
			projectDirPath = "";
			projectRoot = "";
			targets = (
				74F500F729853AEF00ADE2D6 /* NHLScore */,
			);
		};
/* End PBXProject section */

/* Begin PBXResourcesBuildPhase section */
		74F500F629853AEF00ADE2D6 /* Resources */ = {
			isa = PBXResourcesBuildPhase;
			buildActionMask = 2147483647;
			files = (
				74F5010829853AF300ADE2D6 /* LaunchScreen.storyboard in Resources */,
				74F5010529853AF300ADE2D6 /* Assets.xcassets in Resources */,
				74F5010329853AEF00ADE2D6 /* Main.storyboard in Resources */,
			);
			runOnlyForDeploymentPostprocessing = 0;
		};
/* End PBXResourcesBuildPhase section */

/* Begin PBXSourcesBuildPhase section */
		74F500F429853AEF00ADE2D6 /* Sources */ = {
			isa = PBXSourcesBuildPhase;
			buildActionMask = 2147483647;
			files = (
				74F5012029853F6500ADE2D6 /* NetworkService.swift in Sources */,
				74F50124298550F100ADE2D6 /* TeamsTableViewController.swift in Sources */,
				74F500FC29853AEF00ADE2D6 /* AppDelegate.swift in Sources */,
				7447B13129BE0822001C8F1B /* TeamInfoView.swift in Sources */,
				74F50122298545B700ADE2D6 /* Models.swift in Sources */,
				74F5011E29853DC700ADE2D6 /* ApiConst.swift in Sources */,
				74F500FE29853AEF00ADE2D6 /* SceneDelegate.swift in Sources */,
				7447B13329BE2ED5001C8F1B /* TeamInfoVC.swift in Sources */,
				74F501262985515700ADE2D6 /* URLRequest.swift in Sources */,
			);
			runOnlyForDeploymentPostprocessing = 0;
		};
/* End PBXSourcesBuildPhase section */

/* Begin PBXVariantGroup section */
		74F5010129853AEF00ADE2D6 /* Main.storyboard */ = {
			isa = PBXVariantGroup;
			children = (
				74F5010229853AEF00ADE2D6 /* Base */,
			);
			name = Main.storyboard;
			sourceTree = "<group>";
		};
		74F5010629853AF300ADE2D6 /* LaunchScreen.storyboard */ = {
			isa = PBXVariantGroup;
			children = (
				74F5010729853AF300ADE2D6 /* Base */,
			);
			name = LaunchScreen.storyboard;
			sourceTree = "<group>";
		};
/* End PBXVariantGroup section */

/* Begin XCBuildConfiguration section */
		74F5010A29853AF300ADE2D6 /* Debug */ = {
			isa = XCBuildConfiguration;
			buildSettings = {
				ALWAYS_SEARCH_USER_PATHS = NO;
				CLANG_ANALYZER_NONNULL = YES;
				CLANG_ANALYZER_NUMBER_OBJECT_CONVERSION = YES_AGGRESSIVE;
				CLANG_CXX_LANGUAGE_STANDARD = "gnu++17";
				CLANG_CXX_LIBRARY = "libc++";
				CLANG_ENABLE_MODULES = YES;
				CLANG_ENABLE_OBJC_ARC = YES;
				CLANG_ENABLE_OBJC_WEAK = YES;
				CLANG_WARN_BLOCK_CAPTURE_AUTORELEASING = YES;
				CLANG_WARN_BOOL_CONVERSION = YES;
				CLANG_WARN_COMMA = YES;
				CLANG_WARN_CONSTANT_CONVERSION = YES;
				CLANG_WARN_DEPRECATED_OBJC_IMPLEMENTATIONS = YES;
				CLANG_WARN_DIRECT_OBJC_ISA_USAGE = YES_ERROR;
				CLANG_WARN_DOCUMENTATION_COMMENTS = YES;
				CLANG_WARN_EMPTY_BODY = YES;
				CLANG_WARN_ENUM_CONVERSION = YES;
				CLANG_WARN_INFINITE_RECURSION = YES;
				CLANG_WARN_INT_CONVERSION = YES;
				CLANG_WARN_NON_LITERAL_NULL_CONVERSION = YES;
				CLANG_WARN_OBJC_IMPLICIT_RETAIN_SELF = YES;
				CLANG_WARN_OBJC_LITERAL_CONVERSION = YES;
				CLANG_WARN_OBJC_ROOT_CLASS = YES_ERROR;
				CLANG_WARN_QUOTED_INCLUDE_IN_FRAMEWORK_HEADER = YES;
				CLANG_WARN_RANGE_LOOP_ANALYSIS = YES;
				CLANG_WARN_STRICT_PROTOTYPES = YES;
				CLANG_WARN_SUSPICIOUS_MOVE = YES;
				CLANG_WARN_UNGUARDED_AVAILABILITY = YES_AGGRESSIVE;
				CLANG_WARN_UNREACHABLE_CODE = YES;
				CLANG_WARN__DUPLICATE_METHOD_MATCH = YES;
				COPY_PHASE_STRIP = NO;
				DEBUG_INFORMATION_FORMAT = dwarf;
				ENABLE_STRICT_OBJC_MSGSEND = YES;
				ENABLE_TESTABILITY = YES;
				GCC_C_LANGUAGE_STANDARD = gnu11;
				GCC_DYNAMIC_NO_PIC = NO;
				GCC_NO_COMMON_BLOCKS = YES;
				GCC_OPTIMIZATION_LEVEL = 0;
				GCC_PREPROCESSOR_DEFINITIONS = (
					"DEBUG=1",
					"$(inherited)",
				);
				GCC_WARN_64_TO_32_BIT_CONVERSION = YES;
				GCC_WARN_ABOUT_RETURN_TYPE = YES_ERROR;
				GCC_WARN_UNDECLARED_SELECTOR = YES;
				GCC_WARN_UNINITIALIZED_AUTOS = YES_AGGRESSIVE;
				GCC_WARN_UNUSED_FUNCTION = YES;
				GCC_WARN_UNUSED_VARIABLE = YES;
				IPHONEOS_DEPLOYMENT_TARGET = 15.2;
				MTL_ENABLE_DEBUG_INFO = INCLUDE_SOURCE;
				MTL_FAST_MATH = YES;
				ONLY_ACTIVE_ARCH = YES;
				SDKROOT = iphoneos;
				SWIFT_ACTIVE_COMPILATION_CONDITIONS = DEBUG;
				SWIFT_OPTIMIZATION_LEVEL = "-Onone";
			};
			name = Debug;
		};
		74F5010B29853AF300ADE2D6 /* Release */ = {
			isa = XCBuildConfiguration;
			buildSettings = {
				ALWAYS_SEARCH_USER_PATHS = NO;
				CLANG_ANALYZER_NONNULL = YES;
				CLANG_ANALYZER_NUMBER_OBJECT_CONVERSION = YES_AGGRESSIVE;
				CLANG_CXX_LANGUAGE_STANDARD = "gnu++17";
				CLANG_CXX_LIBRARY = "libc++";
				CLANG_ENABLE_MODULES = YES;
				CLANG_ENABLE_OBJC_ARC = YES;
				CLANG_ENABLE_OBJC_WEAK = YES;
				CLANG_WARN_BLOCK_CAPTURE_AUTORELEASING = YES;
				CLANG_WARN_BOOL_CONVERSION = YES;
				CLANG_WARN_COMMA = YES;
				CLANG_WARN_CONSTANT_CONVERSION = YES;
				CLANG_WARN_DEPRECATED_OBJC_IMPLEMENTATIONS = YES;
				CLANG_WARN_DIRECT_OBJC_ISA_USAGE = YES_ERROR;
				CLANG_WARN_DOCUMENTATION_COMMENTS = YES;
				CLANG_WARN_EMPTY_BODY = YES;
				CLANG_WARN_ENUM_CONVERSION = YES;
				CLANG_WARN_INFINITE_RECURSION = YES;
				CLANG_WARN_INT_CONVERSION = YES;
				CLANG_WARN_NON_LITERAL_NULL_CONVERSION = YES;
				CLANG_WARN_OBJC_IMPLICIT_RETAIN_SELF = YES;
				CLANG_WARN_OBJC_LITERAL_CONVERSION = YES;
				CLANG_WARN_OBJC_ROOT_CLASS = YES_ERROR;
				CLANG_WARN_QUOTED_INCLUDE_IN_FRAMEWORK_HEADER = YES;
				CLANG_WARN_RANGE_LOOP_ANALYSIS = YES;
				CLANG_WARN_STRICT_PROTOTYPES = YES;
				CLANG_WARN_SUSPICIOUS_MOVE = YES;
				CLANG_WARN_UNGUARDED_AVAILABILITY = YES_AGGRESSIVE;
				CLANG_WARN_UNREACHABLE_CODE = YES;
				CLANG_WARN__DUPLICATE_METHOD_MATCH = YES;
				COPY_PHASE_STRIP = NO;
				DEBUG_INFORMATION_FORMAT = "dwarf-with-dsym";
				ENABLE_NS_ASSERTIONS = NO;
				ENABLE_STRICT_OBJC_MSGSEND = YES;
				GCC_C_LANGUAGE_STANDARD = gnu11;
				GCC_NO_COMMON_BLOCKS = YES;
				GCC_WARN_64_TO_32_BIT_CONVERSION = YES;
				GCC_WARN_ABOUT_RETURN_TYPE = YES_ERROR;
				GCC_WARN_UNDECLARED_SELECTOR = YES;
				GCC_WARN_UNINITIALIZED_AUTOS = YES_AGGRESSIVE;
				GCC_WARN_UNUSED_FUNCTION = YES;
				GCC_WARN_UNUSED_VARIABLE = YES;
				IPHONEOS_DEPLOYMENT_TARGET = 15.2;
				MTL_ENABLE_DEBUG_INFO = NO;
				MTL_FAST_MATH = YES;
				SDKROOT = iphoneos;
				SWIFT_COMPILATION_MODE = wholemodule;
				SWIFT_OPTIMIZATION_LEVEL = "-O";
				VALIDATE_PRODUCT = YES;
			};
			name = Release;
		};
		74F5010D29853AF300ADE2D6 /* Debug */ = {
			isa = XCBuildConfiguration;
			buildSettings = {
				ASSETCATALOG_COMPILER_APPICON_NAME = AppIcon;
				ASSETCATALOG_COMPILER_GLOBAL_ACCENT_COLOR_NAME = AccentColor;
				CODE_SIGN_STYLE = Automatic;
				CURRENT_PROJECT_VERSION = 1;
				DEVELOPMENT_TEAM = LWK8GSZ2M7;
				GENERATE_INFOPLIST_FILE = YES;
				INFOPLIST_FILE = NHLScore/Info.plist;
				INFOPLIST_KEY_UIApplicationSupportsIndirectInputEvents = YES;
				INFOPLIST_KEY_UILaunchStoryboardName = LaunchScreen;
				INFOPLIST_KEY_UIMainStoryboardFile = Main;
				INFOPLIST_KEY_UISupportedInterfaceOrientations = UIInterfaceOrientationPortrait;
				INFOPLIST_KEY_UISupportedInterfaceOrientations_iPad = "UIInterfaceOrientationPortrait UIInterfaceOrientationPortraitUpsideDown UIInterfaceOrientationLandscapeLeft UIInterfaceOrientationLandscapeRight";
				INFOPLIST_KEY_UISupportedInterfaceOrientations_iPhone = "UIInterfaceOrientationPortrait UIInterfaceOrientationLandscapeLeft UIInterfaceOrientationLandscapeRight";
				LD_RUNPATH_SEARCH_PATHS = (
					"$(inherited)",
					"@executable_path/Frameworks",
				);
				MARKETING_VERSION = 1.0;
				PRODUCT_BUNDLE_IDENTIFIER = dankou.NHLScore;
				PRODUCT_NAME = "$(TARGET_NAME)";
				SWIFT_EMIT_LOC_STRINGS = YES;
				SWIFT_VERSION = 5.0;
				TARGETED_DEVICE_FAMILY = 1;
			};
			name = Debug;
		};
		74F5010E29853AF300ADE2D6 /* Release */ = {
			isa = XCBuildConfiguration;
			buildSettings = {
				ASSETCATALOG_COMPILER_APPICON_NAME = AppIcon;
				ASSETCATALOG_COMPILER_GLOBAL_ACCENT_COLOR_NAME = AccentColor;
				CODE_SIGN_STYLE = Automatic;
				CURRENT_PROJECT_VERSION = 1;
				DEVELOPMENT_TEAM = LWK8GSZ2M7;
				GENERATE_INFOPLIST_FILE = YES;
				INFOPLIST_FILE = NHLScore/Info.plist;
				INFOPLIST_KEY_UIApplicationSupportsIndirectInputEvents = YES;
				INFOPLIST_KEY_UILaunchStoryboardName = LaunchScreen;
				INFOPLIST_KEY_UIMainStoryboardFile = Main;
				INFOPLIST_KEY_UISupportedInterfaceOrientations = UIInterfaceOrientationPortrait;
				INFOPLIST_KEY_UISupportedInterfaceOrientations_iPad = "UIInterfaceOrientationPortrait UIInterfaceOrientationPortraitUpsideDown UIInterfaceOrientationLandscapeLeft UIInterfaceOrientationLandscapeRight";
				INFOPLIST_KEY_UISupportedInterfaceOrientations_iPhone = "UIInterfaceOrientationPortrait UIInterfaceOrientationLandscapeLeft UIInterfaceOrientationLandscapeRight";
				LD_RUNPATH_SEARCH_PATHS = (
					"$(inherited)",
					"@executable_path/Frameworks",
				);
				MARKETING_VERSION = 1.0;
				PRODUCT_BUNDLE_IDENTIFIER = dankou.NHLScore;
				PRODUCT_NAME = "$(TARGET_NAME)";
				SWIFT_EMIT_LOC_STRINGS = YES;
				SWIFT_VERSION = 5.0;
				TARGETED_DEVICE_FAMILY = 1;
			};
			name = Release;
		};
/* End XCBuildConfiguration section */

/* Begin XCConfigurationList section */
		74F500F329853AEE00ADE2D6 /* Build configuration list for PBXProject "NHLScore" */ = {
			isa = XCConfigurationList;
			buildConfigurations = (
				74F5010A29853AF300ADE2D6 /* Debug */,
				74F5010B29853AF300ADE2D6 /* Release */,
			);
			defaultConfigurationIsVisible = 0;
			defaultConfigurationName = Release;
		};
		74F5010C29853AF300ADE2D6 /* Build configuration list for PBXNativeTarget "NHLScore" */ = {
			isa = XCConfigurationList;
			buildConfigurations = (
				74F5010D29853AF300ADE2D6 /* Debug */,
				74F5010E29853AF300ADE2D6 /* Release */,
			);
			defaultConfigurationIsVisible = 0;
			defaultConfigurationName = Release;
		};
/* End XCConfigurationList section */

/* Begin XCRemoteSwiftPackageReference section */
		74F5011329853C5200ADE2D6 /* XCRemoteSwiftPackageReference "Alamofire" */ = {
			isa = XCRemoteSwiftPackageReference;
			repositoryURL = "https://github.com/Alamofire/Alamofire.git";
			requirement = {
				branch = master;
				kind = branch;
			};
		};
		74F5011629853C6400ADE2D6 /* XCRemoteSwiftPackageReference "AlamofireImage" */ = {
			isa = XCRemoteSwiftPackageReference;
			repositoryURL = "https://github.com/Alamofire/AlamofireImage.git";
			requirement = {
				branch = master;
				kind = branch;
			};
		};
		74F5011929853C7600ADE2D6 /* XCRemoteSwiftPackageReference "SwiftyJSON" */ = {
			isa = XCRemoteSwiftPackageReference;
			repositoryURL = "https://github.com/SwiftyJSON/SwiftyJSON.git";
			requirement = {
				branch = master;
				kind = branch;
			};
		};
/* End XCRemoteSwiftPackageReference section */

/* Begin XCSwiftPackageProductDependency section */
		74F5011429853C5300ADE2D6 /* Alamofire */ = {
			isa = XCSwiftPackageProductDependency;
			package = 74F5011329853C5200ADE2D6 /* XCRemoteSwiftPackageReference "Alamofire" */;
			productName = Alamofire;
		};
		74F5011729853C6400ADE2D6 /* AlamofireImage */ = {
			isa = XCSwiftPackageProductDependency;
			package = 74F5011629853C6400ADE2D6 /* XCRemoteSwiftPackageReference "AlamofireImage" */;
			productName = AlamofireImage;
		};
		74F5011A29853C7600ADE2D6 /* SwiftyJSON */ = {
			isa = XCSwiftPackageProductDependency;
			package = 74F5011929853C7600ADE2D6 /* XCRemoteSwiftPackageReference "SwiftyJSON" */;
			productName = SwiftyJSON;
		};
/* End XCSwiftPackageProductDependency section */
	};
	rootObject = 74F500F029853AEE00ADE2D6 /* Project object */;
}
